<?xml version="1.0" encoding="utf-8"?>
<Project ToolsVersion="4.0" xmlns="http://schemas.microsoft.com/developer/msbuild/2003">
  <ItemGroup>
    <Filter Include="Source Files">
      <UniqueIdentifier>{4FC737F1-C7A5-4376-A066-2A32D752A2FF}</UniqueIdentifier>
      <Extensions>cpp;cxx;c;def</Extensions>
    </Filter>
    <Filter Include="Header Files">
      <UniqueIdentifier>{93995380-89BD-4b04-88EB-625FBE52EBFB}</UniqueIdentifier>
      <Extensions>h</Extensions>
    </Filter>
    <Filter Include="Form Files">
      <UniqueIdentifier>{99349809-55BA-4b9d-BF79-8FDBB0286EB3}</UniqueIdentifier>
      <Extensions>ui</Extensions>
    </Filter>
    <Filter Include="Resource Files">
      <UniqueIdentifier>{D9D6E242-F8AF-46E4-B9FD-80ECBC20BA3E}</UniqueIdentifier>
      <Extensions>qrc;*</Extensions>
      <ParseFiles>false</ParseFiles>
    </Filter>
    <Filter Include="Generated Files">
      <UniqueIdentifier>{71ED8ED8-ACB9-4CE9-BBE1-E00B30144E11}</UniqueIdentifier>
      <Extensions>moc;h;cpp</Extensions>
      <SourceControlFiles>False</SourceControlFiles>
    </Filter>
    <Filter Include="Generated Files\Debug">
      <UniqueIdentifier>{bc036186-a59b-4a32-9f70-3926db76ea13}</UniqueIdentifier>
      <Extensions>cpp;moc</Extensions>
      <SourceControlFiles>False</SourceControlFiles>
    </Filter>
    <Filter Include="Generated Files\Release">
      <UniqueIdentifier>{c99c9548-008e-4f5d-af7e-921eef0b7392}</UniqueIdentifier>
      <Extensions>cpp;moc</Extensions>
      <SourceControlFiles>False</SourceControlFiles>
    </Filter>
    <Filter Include="src">
      <UniqueIdentifier>{8120ed6a-0b6a-4dc4-aa38-209bf635d684}</UniqueIdentifier>
    </Filter>
  </ItemGroup>
  <ItemGroup>
    <ClCompile Include="GeneratedFiles\qrc_ATEnvironment.cpp">
      <Filter>Generated Files</Filter>
    </ClCompile>
    <ClCompile Include="..\src\ATShell\AConsoleWidget.cpp">
      <Filter>src</Filter>
    </ClCompile>
    <ClCompile Include="GeneratedFiles\Debug\moc_AConsoleWidget.cpp">
      <Filter>Generated Files\Debug</Filter>
    </ClCompile>
    <ClCompile Include="GeneratedFiles\Release\moc_AConsoleWidget.cpp">
      <Filter>Generated Files\Release</Filter>
    </ClCompile>
    <ClCompile Include="..\src\ATShell\APluginsWidget.cpp">
      <Filter>src</Filter>
    </ClCompile>
    <ClCompile Include="GeneratedFiles\Debug\moc_APluginsWidget.cpp">
      <Filter>Generated Files\Debug</Filter>
    </ClCompile>
    <ClCompile Include="GeneratedFiles\Release\moc_APluginsWidget.cpp">
      <Filter>Generated Files\Release</Filter>
    </ClCompile>
    <ClCompile Include="..\src\ATShell\AProjectExplorer.cpp">
      <Filter>src</Filter>
    </ClCompile>
    <ClCompile Include="GeneratedFiles\Debug\moc_AProjectExplorer.cpp">
      <Filter>Generated Files\Debug</Filter>
    </ClCompile>
    <ClCompile Include="GeneratedFiles\Release\moc_AProjectExplorer.cpp">
      <Filter>Generated Files\Release</Filter>
    </ClCompile>
    <ClCompile Include="..\src\ATShell\AQNewFileDialog.cpp">
      <Filter>src</Filter>
    </ClCompile>
    <ClCompile Include="GeneratedFiles\Debug\moc_AQNewFileDialog.cpp">
      <Filter>Generated Files\Debug</Filter>
    </ClCompile>
    <ClCompile Include="GeneratedFiles\Release\moc_AQNewFileDialog.cpp">
      <Filter>Generated Files\Release</Filter>
    </ClCompile>
    <ClCompile Include="..\src\ATShell\AQNewProjectDialog.cpp">
      <Filter>src</Filter>
    </ClCompile>
    <ClCompile Include="GeneratedFiles\Debug\moc_AQNewProjectDialog.cpp">
      <Filter>Generated Files\Debug</Filter>
    </ClCompile>
    <ClCompile Include="GeneratedFiles\Release\moc_AQNewProjectDialog.cpp">
      <Filter>Generated Files\Release</Filter>
    </ClCompile>
    <ClCompile Include="..\src\ATShell\AQProjectTreeWidget.cpp">
      <Filter>src</Filter>
    </ClCompile>
    <ClCompile Include="GeneratedFiles\Debug\moc_AQProjectTreeWidget.cpp">
      <Filter>Generated Files\Debug</Filter>
    </ClCompile>
    <ClCompile Include="GeneratedFiles\Release\moc_AQProjectTreeWidget.cpp">
      <Filter>Generated Files\Release</Filter>
    </ClCompile>
    <ClCompile Include="..\src\ATShell\ATApplication.cpp">
      <Filter>src</Filter>
    </ClCompile>
    <ClCompile Include="GeneratedFiles\Debug\moc_ATApplication.cpp">
      <Filter>Generated Files\Debug</Filter>
    </ClCompile>
    <ClCompile Include="GeneratedFiles\Release\moc_ATApplication.cpp">
      <Filter>Generated Files\Release</Filter>
    </ClCompile>
    <ClCompile Include="..\src\ATShell\ATEnvironment.cpp">
      <Filter>src</Filter>
    </ClCompile>
    <ClCompile Include="GeneratedFiles\Debug\moc_ATEnvironment.cpp">
      <Filter>Generated Files\Debug</Filter>
    </ClCompile>
    <ClCompile Include="GeneratedFiles\Release\moc_ATEnvironment.cpp">
      <Filter>Generated Files\Release</Filter>
    </ClCompile>
    <ClCompile Include="..\src\ATShell\main.cpp">
      <Filter>src</Filter>
    </ClCompile>
  </ItemGroup>
  <ItemGroup>
    <CustomBuild Include="ATEnvironment.qrc">
      <Filter>Resource Files</Filter>
    </CustomBuild>
    <CustomBuild Include="..\src\ATShell\AConsoleWidget.h">
      <Filter>src</Filter>
    </CustomBuild>
    <CustomBuild Include="..\src\ATShell\APluginsWidget.h">
      <Filter>src</Filter>
    </CustomBuild>
    <CustomBuild Include="..\src\ATShell\AProjectExplorer.h">
      <Filter>src</Filter>
    </CustomBuild>
    <CustomBuild Include="..\src\ATShell\AQNewFileDialog.h">
      <Filter>src</Filter>
    </CustomBuild>
    <CustomBuild Include="..\src\ATShell\AQNewProjectDialog.h">
      <Filter>src</Filter>
    </CustomBuild>
    <CustomBuild Include="..\src\ATShell\AQProjectTreeWidget.h">
      <Filter>src</Filter>
    </CustomBuild>
    <CustomBuild Include="..\src\ATShell\ATApplication.h">
      <Filter>src</Filter>
    </CustomBuild>
    <CustomBuild Include="..\src\ATShell\ATEnvironment.h">
      <Filter>src</Filter>
    </CustomBuild>
    <CustomBuild Include="..\src\ATShell\AConsoleWidget.ui">
      <Filter>Form Files</Filter>
    </CustomBuild>
    <CustomBuild Include="..\src\ATShell\AProjectExplorer.ui">
      <Filter>Form Files</Filter>
    </CustomBuild>
    <CustomBuild Include="..\src\ATShell\AQNewFileDialog.ui">
      <Filter>Form Files</Filter>
    </CustomBuild>
    <CustomBuild Include="..\src\ATShell\AQNewProjectDialog.ui">
      <Filter>Form Files</Filter>
    </CustomBuild>
    <CustomBuild Include="..\src\ATShell\ATEnvironment.ui">
      <Filter>Form Files</Filter>
    </CustomBuild>
    <CustomBuild Include="..\src\ATShell\forms\APluginsWidget.ui">
      <Filter>Form Files</Filter>
    </CustomBuild>
  </ItemGroup>
  <ItemGroup>
    <ResourceCompile Include="ATEnvironment.rc">
      <Filter>Resource Files</Filter>
    </ResourceCompile>
  </ItemGroup>
  <ItemGroup>
    <ClInclude Include="GeneratedFiles\ui_AConsoleWidget.h">
      <Filter>Generated Files</Filter>
    </ClInclude>
    <ClInclude Include="GeneratedFiles\ui_AProjectExplorer.h">
      <Filter>Generated Files</Filter>
    </ClInclude>
    <ClInclude Include="GeneratedFiles\ui_AQNewFileDialog.h">
      <Filter>Generated Files</Filter>
    </ClInclude>
    <ClInclude Include="GeneratedFiles\ui_AQNewProjectDialog.h">
      <Filter>Generated Files</Filter>
    </ClInclude>
    <ClInclude Include="GeneratedFiles\ui_ATEnvironment.h">
      <Filter>Generated Files</Filter>
    </ClInclude>
    <ClInclude Include="GeneratedFiles\ui_APluginsWidget.h">
      <Filter>Generated Files</Filter>
    </ClInclude>
  </ItemGroup>
</Project>